
Microsoft Visual Studio Solution File, Format Version 12.00
# Visual Studio Version 16
VisualStudioVersion = 16.0.30104.148
MinimumVisualStudioVersion = 10.0.40219.1
Project("{FAE04EC0-301F-11D3-BF4B-00C04F79EFBC}") = "GreenvilleAdvertisement", "GreenvilleAdvertisement.csproj", "{FCEC763A-CF22-4F3D-857C-678493079CDE}"
EndProject
Global
	GlobalSection(SolutionConfigurationPlatforms) = preSolution
		Debug|Any CPU = Debug|Any CPU
		Release|Any CPU = Release|Any CPU
	EndGlobalSection
	GlobalSection(ProjectConfigurationPlatforms) = postSolution
		{FCEC763A-CF22-4F3D-857C-678493079CDE}.Debug|Any CPU.ActiveCfg = Debug|Any CPU
		{FCEC763A-CF22-4F3D-857C-678493079CDE}.Debug|Any CPU.Build.0 = Debug|Any CPU
		{FCEC763A-CF22-4F3D-857C-678493079CDE}.Release|Any CPU.ActiveCfg = Release|Any CPU
		{FCEC763A-CF22-4F3D-857C-678493079CDE}.Release|Any CPU.Build.0 = Release|Any CPU
	EndGlobalSection
	GlobalSection(SolutionProperties) = preSolution
		HideSolutionNode = FALSE
	EndGlobalSection
	GlobalSection(ExtensibilityGlobals) = postSolution
		SolutionGuid = {ECF15A73-6073-4893-825B-2EE2B6FEF4A5}
	EndGlobalSection
EndGlobal
